
Microsoft Visual Studio Solution File, Format Version 12.00
# Visual Studio Version 16
VisualStudioVersion = 16.0.30517.126
MinimumVisualStudioVersion = 10.0.40219.1
Project("{FAE04EC0-301F-11D3-BF4B-00C04F79EFBC}") = "VoitureLocation", "VoitureLocation\VoitureLocation.csproj", "{737DCA81-CE6F-4228-96CA-B5B486A659E4}"
EndProject
Global
	GlobalSection(SolutionConfigurationPlatforms) = preSolution
		Debug|Any CPU = Debug|Any CPU
		Release|Any CPU = Release|Any CPU
	EndGlobalSection
	GlobalSection(ProjectConfigurationPlatforms) = postSolution
		{737DCA81-CE6F-4228-96CA-B5B486A659E4}.Debug|Any CPU.ActiveCfg = Debug|Any CPU
		{737DCA81-CE6F-4228-96CA-B5B486A659E4}.Debug|Any CPU.Build.0 = Debug|Any CPU
		{737DCA81-CE6F-4228-96CA-B5B486A659E4}.Release|Any CPU.ActiveCfg = Release|Any CPU
		{737DCA81-CE6F-4228-96CA-B5B486A659E4}.Release|Any CPU.Build.0 = Release|Any CPU
	EndGlobalSection
	GlobalSection(SolutionProperties) = preSolution
		HideSolutionNode = FALSE
	EndGlobalSection
	GlobalSection(ExtensibilityGlobals) = postSolution
		SolutionGuid = {D17FCB0A-F2B4-4D61-B428-788A6FD795F0}
	EndGlobalSection
EndGlobal
